
Microsoft Visual Studio Solution File, Format Version 12.00
# Visual Studio Version 17
VisualStudioVersion = 17.13.35931.197 d17.13
MinimumVisualStudioVersion = 10.0.40219.1
Project("{FAE04EC0-301F-11D3-BF4B-00C04F79EFBC}") = "BlazingTime", "BlazingTime\BlazingTime.csproj", "{C6C7D513-3C7A-43DB-AE1A-C896FCD00DB5}"
	ProjectSection(ProjectDependencies) = postProject
		{B738E10A-80A7-4468-8C37-00F4A833ECC0} = {B738E10A-80A7-4468-8C37-00F4A833ECC0}
	EndProjectSection
EndProject
Project("{FAE04EC0-301F-11D3-BF4B-00C04F79EFBC}") = "BlazingTime.Shared", "BlazingTime.Shared\BlazingTime.Shared.csproj", "{B738E10A-80A7-4468-8C37-00F4A833ECC0}"
EndProject
Global
	GlobalSection(SolutionConfigurationPlatforms) = preSolution
		Debug|Any CPU = Debug|Any CPU
		Release|Any CPU = Release|Any CPU
	EndGlobalSection
	GlobalSection(ProjectConfigurationPlatforms) = postSolution
		{C6C7D513-3C7A-43DB-AE1A-C896FCD00DB5}.Debug|Any CPU.ActiveCfg = Debug|Any CPU
		{C6C7D513-3C7A-43DB-AE1A-C896FCD00DB5}.Debug|Any CPU.Build.0 = Debug|Any CPU
		{C6C7D513-3C7A-43DB-AE1A-C896FCD00DB5}.Release|Any CPU.ActiveCfg = Release|Any CPU
		{C6C7D513-3C7A-43DB-AE1A-C896FCD00DB5}.Release|Any CPU.Build.0 = Release|Any CPU
		{B738E10A-80A7-4468-8C37-00F4A833ECC0}.Debug|Any CPU.ActiveCfg = Debug|Any CPU
		{B738E10A-80A7-4468-8C37-00F4A833ECC0}.Debug|Any CPU.Build.0 = Debug|Any CPU
		{B738E10A-80A7-4468-8C37-00F4A833ECC0}.Release|Any CPU.ActiveCfg = Release|Any CPU
		{B738E10A-80A7-4468-8C37-00F4A833ECC0}.Release|Any CPU.Build.0 = Release|Any CPU
	EndGlobalSection
	GlobalSection(SolutionProperties) = preSolution
		HideSolutionNode = FALSE
	EndGlobalSection
	GlobalSection(ExtensibilityGlobals) = postSolution
		SolutionGuid = {6B30F906-9B5F-4B48-852F-52E7F4B9C635}
	EndGlobalSection
EndGlobal
